
Microsoft Visual Studio Solution File, Format Version 12.00
# Visual Studio Version 16
VisualStudioVersion = 16.0.31624.102
MinimumVisualStudioVersion = 10.0.40219.1
Project("{8BC9CEB8-8B4A-11D0-8D11-00A0C91BC942}") = "二叉树", "二叉树\二叉树.vcxproj", "{1077E948-33B1-4EE4-98C3-95F9AF2237A6}"
EndProject
Global
	GlobalSection(SolutionConfigurationPlatforms) = preSolution
		Debug|x64 = Debug|x64
		Debug|x86 = Debug|x86
		Release|x64 = Release|x64
		Release|x86 = Release|x86
	EndGlobalSection
	GlobalSection(ProjectConfigurationPlatforms) = postSolution
		{1077E948-33B1-4EE4-98C3-95F9AF2237A6}.Debug|x64.ActiveCfg = Debug|x64
		{1077E948-33B1-4EE4-98C3-95F9AF2237A6}.Debug|x64.Build.0 = Debug|x64
		{1077E948-33B1-4EE4-98C3-95F9AF2237A6}.Debug|x86.ActiveCfg = Debug|Win32
		{1077E948-33B1-4EE4-98C3-95F9AF2237A6}.Debug|x86.Build.0 = Debug|Win32
		{1077E948-33B1-4EE4-98C3-95F9AF2237A6}.Release|x64.ActiveCfg = Release|x64
		{1077E948-33B1-4EE4-98C3-95F9AF2237A6}.Release|x64.Build.0 = Release|x64
		{1077E948-33B1-4EE4-98C3-95F9AF2237A6}.Release|x86.ActiveCfg = Release|Win32
		{1077E948-33B1-4EE4-98C3-95F9AF2237A6}.Release|x86.Build.0 = Release|Win32
	EndGlobalSection
	GlobalSection(SolutionProperties) = preSolution
		HideSolutionNode = FALSE
	EndGlobalSection
	GlobalSection(ExtensibilityGlobals) = postSolution
		SolutionGuid = {A6DEF2DE-3903-4423-8C88-2F580CFD4EF5}
	EndGlobalSection
EndGlobal
